
Microsoft Visual Studio Solution File, Format Version 12.00
# Visual Studio 15
VisualStudioVersion = 15.0.27004.2006
MinimumVisualStudioVersion = 10.0.40219.1
Project("{9A19103F-16F7-4668-BE54-9A1E7A4F7556}") = "DevCode4.MemoryCacheTagging", "DevCode4.MemoryCacheTagging\DevCode4.MemoryCacheTagging.csproj", "{776230CD-C41F-4E80-B7EA-3BCCA07CCF51}"
EndProject
Project("{9A19103F-16F7-4668-BE54-9A1E7A4F7556}") = "DevCode4.MemoryCacheTagging.Test", "DevCode4.MemoryCacheTagging.Test\DevCode4.MemoryCacheTagging.Test.csproj", "{F7244409-A03B-441B-9572-07B85DFED4E9}"
EndProject
Global
	GlobalSection(SolutionConfigurationPlatforms) = preSolution
		Debug|Any CPU = Debug|Any CPU
		Release|Any CPU = Release|Any CPU
	EndGlobalSection
	GlobalSection(ProjectConfigurationPlatforms) = postSolution
		{776230CD-C41F-4E80-B7EA-3BCCA07CCF51}.Debug|Any CPU.ActiveCfg = Debug|Any CPU
		{776230CD-C41F-4E80-B7EA-3BCCA07CCF51}.Debug|Any CPU.Build.0 = Debug|Any CPU
		{776230CD-C41F-4E80-B7EA-3BCCA07CCF51}.Release|Any CPU.ActiveCfg = Release|Any CPU
		{776230CD-C41F-4E80-B7EA-3BCCA07CCF51}.Release|Any CPU.Build.0 = Release|Any CPU
		{F7244409-A03B-441B-9572-07B85DFED4E9}.Debug|Any CPU.ActiveCfg = Debug|Any CPU
		{F7244409-A03B-441B-9572-07B85DFED4E9}.Debug|Any CPU.Build.0 = Debug|Any CPU
		{F7244409-A03B-441B-9572-07B85DFED4E9}.Release|Any CPU.ActiveCfg = Release|Any CPU
		{F7244409-A03B-441B-9572-07B85DFED4E9}.Release|Any CPU.Build.0 = Release|Any CPU
	EndGlobalSection
	GlobalSection(SolutionProperties) = preSolution
		HideSolutionNode = FALSE
	EndGlobalSection
	GlobalSection(ExtensibilityGlobals) = postSolution
		SolutionGuid = {791AC058-224D-476A-9463-4A3B76602F48}
	EndGlobalSection
EndGlobal
